
Microsoft Visual Studio Solution File, Format Version 12.00
# Visual Studio Version 17
VisualStudioVersion = 17.5.33516.290
MinimumVisualStudioVersion = 10.0.40219.1
Project("{8BC9CEB8-8B4A-11D0-8D11-00A0C91BC942}") = "EndlessBeamer", "EndlessBeamer.vcxproj", "{B737D259-BA1A-44E8-8307-4E9DEBC60C18}"
EndProject
Global
	GlobalSection(SolutionConfigurationPlatforms) = preSolution
		Debug|x64 = Debug|x64
		Debug|x86 = Debug|x86
		Release|x64 = Release|x64
		Release|x86 = Release|x86
	EndGlobalSection
	GlobalSection(ProjectConfigurationPlatforms) = postSolution
		{B737D259-BA1A-44E8-8307-4E9DEBC60C18}.Debug|x64.ActiveCfg = Debug|x64
		{B737D259-BA1A-44E8-8307-4E9DEBC60C18}.Debug|x64.Build.0 = Debug|x64
		{B737D259-BA1A-44E8-8307-4E9DEBC60C18}.Debug|x86.ActiveCfg = Debug|Win32
		{B737D259-BA1A-44E8-8307-4E9DEBC60C18}.Debug|x86.Build.0 = Debug|Win32
		{B737D259-BA1A-44E8-8307-4E9DEBC60C18}.Release|x64.ActiveCfg = Release|x64
		{B737D259-BA1A-44E8-8307-4E9DEBC60C18}.Release|x64.Build.0 = Release|x64
		{B737D259-BA1A-44E8-8307-4E9DEBC60C18}.Release|x86.ActiveCfg = Release|Win32
		{B737D259-BA1A-44E8-8307-4E9DEBC60C18}.Release|x86.Build.0 = Release|Win32
	EndGlobalSection
	GlobalSection(SolutionProperties) = preSolution
		HideSolutionNode = FALSE
	EndGlobalSection
	GlobalSection(ExtensibilityGlobals) = postSolution
		SolutionGuid = {5FF58E3E-6D7D-4F86-9C0B-02C372CE994D}
	EndGlobalSection
EndGlobal
